
Microsoft Visual Studio Solution File, Format Version 12.00
# Visual Studio 14
VisualStudioVersion = 14.0.24720.0
MinimumVisualStudioVersion = 10.0.40219.1
Project("{FAE04EC0-301F-11D3-BF4B-00C04F79EFBC}") = "RestaurantKuLibrary", "RestaurantKuLibrary\RestaurantKuLibrary.csproj", "{45FDF11A-8643-4F8C-AF24-3179C135B776}"
EndProject
Project("{FAE04EC0-301F-11D3-BF4B-00C04F79EFBC}") = "RestaurantKuUI", "RestaurantKuUI\RestaurantKuUI.csproj", "{F6EA8B81-5250-4E51-838B-A4968F43F1F2}"
EndProject
Global
	GlobalSection(SolutionConfigurationPlatforms) = preSolution
		Debug|Any CPU = Debug|Any CPU
		Release|Any CPU = Release|Any CPU
	EndGlobalSection
	GlobalSection(ProjectConfigurationPlatforms) = postSolution
		{45FDF11A-8643-4F8C-AF24-3179C135B776}.Debug|Any CPU.ActiveCfg = Debug|Any CPU
		{45FDF11A-8643-4F8C-AF24-3179C135B776}.Debug|Any CPU.Build.0 = Debug|Any CPU
		{45FDF11A-8643-4F8C-AF24-3179C135B776}.Release|Any CPU.ActiveCfg = Release|Any CPU
		{45FDF11A-8643-4F8C-AF24-3179C135B776}.Release|Any CPU.Build.0 = Release|Any CPU
		{F6EA8B81-5250-4E51-838B-A4968F43F1F2}.Debug|Any CPU.ActiveCfg = Debug|Any CPU
		{F6EA8B81-5250-4E51-838B-A4968F43F1F2}.Debug|Any CPU.Build.0 = Debug|Any CPU
		{F6EA8B81-5250-4E51-838B-A4968F43F1F2}.Release|Any CPU.ActiveCfg = Release|Any CPU
		{F6EA8B81-5250-4E51-838B-A4968F43F1F2}.Release|Any CPU.Build.0 = Release|Any CPU
	EndGlobalSection
	GlobalSection(SolutionProperties) = preSolution
		HideSolutionNode = FALSE
	EndGlobalSection
EndGlobal
